
Microsoft Visual Studio Solution File, Format Version 12.00
# Visual Studio Version 17
VisualStudioVersion = 17.3.32819.101
MinimumVisualStudioVersion = 10.0.40219.1
Project("{FAE04EC0-301F-11D3-BF4B-00C04F79EFBC}") = "AppPorts", "AppPorts\AppPorts.csproj", "{0EFCEDC1-D0B0-4F76-A1B7-B6C9551C3466}"
EndProject
Global
	GlobalSection(SolutionConfigurationPlatforms) = preSolution
		Debug|Any CPU = Debug|Any CPU
		Release|Any CPU = Release|Any CPU
	EndGlobalSection
	GlobalSection(ProjectConfigurationPlatforms) = postSolution
		{0EFCEDC1-D0B0-4F76-A1B7-B6C9551C3466}.Debug|Any CPU.ActiveCfg = Debug|Any CPU
		{0EFCEDC1-D0B0-4F76-A1B7-B6C9551C3466}.Debug|Any CPU.Build.0 = Debug|Any CPU
		{0EFCEDC1-D0B0-4F76-A1B7-B6C9551C3466}.Release|Any CPU.ActiveCfg = Release|Any CPU
		{0EFCEDC1-D0B0-4F76-A1B7-B6C9551C3466}.Release|Any CPU.Build.0 = Release|Any CPU
	EndGlobalSection
	GlobalSection(SolutionProperties) = preSolution
		HideSolutionNode = FALSE
	EndGlobalSection
	GlobalSection(ExtensibilityGlobals) = postSolution
		SolutionGuid = {8FF2A762-4FB9-4143-BBB8-394F8A52796F}
	EndGlobalSection
EndGlobal
